
Microsoft Visual Studio Solution File, Format Version 12.00
# Visual Studio 15
VisualStudioVersion = 15.0.27428.2011
MinimumVisualStudioVersion = 10.0.40219.1
Project("{8BC9CEB8-8B4A-11D0-8D11-00A0C91BC942}") = "제 6번 문제", "제 6번 문제\제 6번 문제.vcxproj", "{09044AE2-E735-48DF-97AC-365EB3D0EE21}"
EndProject
Global
	GlobalSection(SolutionConfigurationPlatforms) = preSolution
		Debug|x64 = Debug|x64
		Debug|x86 = Debug|x86
		Release|x64 = Release|x64
		Release|x86 = Release|x86
	EndGlobalSection
	GlobalSection(ProjectConfigurationPlatforms) = postSolution
		{09044AE2-E735-48DF-97AC-365EB3D0EE21}.Debug|x64.ActiveCfg = Debug|x64
		{09044AE2-E735-48DF-97AC-365EB3D0EE21}.Debug|x64.Build.0 = Debug|x64
		{09044AE2-E735-48DF-97AC-365EB3D0EE21}.Debug|x86.ActiveCfg = Debug|Win32
		{09044AE2-E735-48DF-97AC-365EB3D0EE21}.Debug|x86.Build.0 = Debug|Win32
		{09044AE2-E735-48DF-97AC-365EB3D0EE21}.Release|x64.ActiveCfg = Release|x64
		{09044AE2-E735-48DF-97AC-365EB3D0EE21}.Release|x64.Build.0 = Release|x64
		{09044AE2-E735-48DF-97AC-365EB3D0EE21}.Release|x86.ActiveCfg = Release|Win32
		{09044AE2-E735-48DF-97AC-365EB3D0EE21}.Release|x86.Build.0 = Release|Win32
	EndGlobalSection
	GlobalSection(SolutionProperties) = preSolution
		HideSolutionNode = FALSE
	EndGlobalSection
	GlobalSection(ExtensibilityGlobals) = postSolution
		SolutionGuid = {EBED0822-BC36-416D-901E-DFE325D57CEB}
	EndGlobalSection
EndGlobal
