
Microsoft Visual Studio Solution File, Format Version 12.00
# Visual Studio 15
VisualStudioVersion = 15.0.27428.2011
MinimumVisualStudioVersion = 10.0.40219.1
Project("{8BC9CEB8-8B4A-11D0-8D11-00A0C91BC942}") = "제 12번 문제", "제 12번 문제\제 12번 문제.vcxproj", "{95D3FF0C-31C6-4D49-9690-5BA97D97BCAE}"
EndProject
Global
	GlobalSection(SolutionConfigurationPlatforms) = preSolution
		Debug|x64 = Debug|x64
		Debug|x86 = Debug|x86
		Release|x64 = Release|x64
		Release|x86 = Release|x86
	EndGlobalSection
	GlobalSection(ProjectConfigurationPlatforms) = postSolution
		{95D3FF0C-31C6-4D49-9690-5BA97D97BCAE}.Debug|x64.ActiveCfg = Debug|x64
		{95D3FF0C-31C6-4D49-9690-5BA97D97BCAE}.Debug|x64.Build.0 = Debug|x64
		{95D3FF0C-31C6-4D49-9690-5BA97D97BCAE}.Debug|x86.ActiveCfg = Debug|Win32
		{95D3FF0C-31C6-4D49-9690-5BA97D97BCAE}.Debug|x86.Build.0 = Debug|Win32
		{95D3FF0C-31C6-4D49-9690-5BA97D97BCAE}.Release|x64.ActiveCfg = Release|x64
		{95D3FF0C-31C6-4D49-9690-5BA97D97BCAE}.Release|x64.Build.0 = Release|x64
		{95D3FF0C-31C6-4D49-9690-5BA97D97BCAE}.Release|x86.ActiveCfg = Release|Win32
		{95D3FF0C-31C6-4D49-9690-5BA97D97BCAE}.Release|x86.Build.0 = Release|Win32
	EndGlobalSection
	GlobalSection(SolutionProperties) = preSolution
		HideSolutionNode = FALSE
	EndGlobalSection
	GlobalSection(ExtensibilityGlobals) = postSolution
		SolutionGuid = {666CE421-1513-4610-95D8-79FC1980C13C}
	EndGlobalSection
EndGlobal
