
Microsoft Visual Studio Solution File, Format Version 12.00
# Visual Studio 15
VisualStudioVersion = 15.0.27428.2011
MinimumVisualStudioVersion = 10.0.40219.1
Project("{8BC9CEB8-8B4A-11D0-8D11-00A0C91BC942}") = "제 15번 문제", "제 15번 문제\제 15번 문제.vcxproj", "{9F081801-6BC6-4C7C-90CC-3B3BFFE9075A}"
EndProject
Global
	GlobalSection(SolutionConfigurationPlatforms) = preSolution
		Debug|x64 = Debug|x64
		Debug|x86 = Debug|x86
		Release|x64 = Release|x64
		Release|x86 = Release|x86
	EndGlobalSection
	GlobalSection(ProjectConfigurationPlatforms) = postSolution
		{9F081801-6BC6-4C7C-90CC-3B3BFFE9075A}.Debug|x64.ActiveCfg = Debug|x64
		{9F081801-6BC6-4C7C-90CC-3B3BFFE9075A}.Debug|x64.Build.0 = Debug|x64
		{9F081801-6BC6-4C7C-90CC-3B3BFFE9075A}.Debug|x86.ActiveCfg = Debug|Win32
		{9F081801-6BC6-4C7C-90CC-3B3BFFE9075A}.Debug|x86.Build.0 = Debug|Win32
		{9F081801-6BC6-4C7C-90CC-3B3BFFE9075A}.Release|x64.ActiveCfg = Release|x64
		{9F081801-6BC6-4C7C-90CC-3B3BFFE9075A}.Release|x64.Build.0 = Release|x64
		{9F081801-6BC6-4C7C-90CC-3B3BFFE9075A}.Release|x86.ActiveCfg = Release|Win32
		{9F081801-6BC6-4C7C-90CC-3B3BFFE9075A}.Release|x86.Build.0 = Release|Win32
	EndGlobalSection
	GlobalSection(SolutionProperties) = preSolution
		HideSolutionNode = FALSE
	EndGlobalSection
	GlobalSection(ExtensibilityGlobals) = postSolution
		SolutionGuid = {F85DF2F0-2C71-40F1-AAC3-653EC73F1FDF}
	EndGlobalSection
EndGlobal
